
Microsoft Visual Studio Solution File, Format Version 12.00
# Visual Studio Version 16
VisualStudioVersion = 16.0.32002.261
MinimumVisualStudioVersion = 10.0.40219.1
Project("{9A19103F-16F7-4668-BE54-9A1E7A4F7556}") = "Section_2_DataTypesVariables", "SectionTwoDataTypesVariables\Section_2_DataTypesVariables.csproj", "{8D5C1B9A-0716-48FC-B957-03E1B43F5817}"
EndProject
Project("{9A19103F-16F7-4668-BE54-9A1E7A4F7556}") = "Section_2_ch_1", "Challenge 1\Section_2_ch_1.csproj", "{7455E00E-AEF7-4A47-8A54-9C264366E6D0}"
EndProject
Project("{9A19103F-16F7-4668-BE54-9A1E7A4F7556}") = "Section_2_ch_2", "Challenge_2_section_2\Section_2_ch_2.csproj", "{226E3660-F662-42E8-90A0-48F362515E09}"
EndProject
Project("{9A19103F-16F7-4668-BE54-9A1E7A4F7556}") = "Section_2_ch_3", "Challenge_3_section_2\Section_2_ch_3.csproj", "{0F4576A7-BF42-4DDB-B597-D8E8ED3E540F}"
EndProject
Project("{9A19103F-16F7-4668-BE54-9A1E7A4F7556}") = "Section_3_FunctionsMethods", "Section_3_FunctionsMethods\Section_3_FunctionsMethods.csproj", "{45DE9FE8-752D-4FFD-A001-2ED650644E8B}"
EndProject
Project("{9A19103F-16F7-4668-BE54-9A1E7A4F7556}") = "Section_3_ch_1", "Challenge_1_section_3\Section_3_ch_1.csproj", "{125DD217-B86E-48C1-84A8-DB805B7203F7}"
EndProject
Project("{9A19103F-16F7-4668-BE54-9A1E7A4F7556}") = "Section_4_Making_Decisions", "Section_4_Making_Decisions\Section_4_Making_Decisions.csproj", "{4A8E9455-6C67-4B2F-9CC9-43B9BFD4C9EE}"
EndProject
Project("{9A19103F-16F7-4668-BE54-9A1E7A4F7556}") = "Section_4_ch_1", "Challenge_1_section_4\Section_4_ch_1.csproj", "{9FB6374F-CACD-4066-B948-B064AD8A9E67}"
EndProject
Project("{9A19103F-16F7-4668-BE54-9A1E7A4F7556}") = "Section_4_ch_2", "Section_4_ch_2\Section_4_ch_2.csproj", "{44A13883-BBDC-4169-B356-8965B44C4CEC}"
EndProject
Project("{FAE04EC0-301F-11D3-BF4B-00C04F79EFBC}") = "Section_4_ch_3", "Section_4_ch_3\Section_4_ch_3.csproj", "{69191ED3-DBE3-4B4F-B3A9-60AEAA6BA729}"
EndProject
Project("{FAE04EC0-301F-11D3-BF4B-00C04F79EFBC}") = "Section_5_Loops", "Section_5_Loops\Section_5_Loops.csproj", "{5C8FB769-9CEC-4C3C-954B-231F57DB74BF}"
EndProject
Global
	GlobalSection(SolutionConfigurationPlatforms) = preSolution
		Debug|Any CPU = Debug|Any CPU
		Release|Any CPU = Release|Any CPU
	EndGlobalSection
	GlobalSection(ProjectConfigurationPlatforms) = postSolution
		{8D5C1B9A-0716-48FC-B957-03E1B43F5817}.Debug|Any CPU.ActiveCfg = Debug|Any CPU
		{8D5C1B9A-0716-48FC-B957-03E1B43F5817}.Debug|Any CPU.Build.0 = Debug|Any CPU
		{8D5C1B9A-0716-48FC-B957-03E1B43F5817}.Release|Any CPU.ActiveCfg = Release|Any CPU
		{8D5C1B9A-0716-48FC-B957-03E1B43F5817}.Release|Any CPU.Build.0 = Release|Any CPU
		{7455E00E-AEF7-4A47-8A54-9C264366E6D0}.Debug|Any CPU.ActiveCfg = Debug|Any CPU
		{7455E00E-AEF7-4A47-8A54-9C264366E6D0}.Debug|Any CPU.Build.0 = Debug|Any CPU
		{7455E00E-AEF7-4A47-8A54-9C264366E6D0}.Release|Any CPU.ActiveCfg = Release|Any CPU
		{7455E00E-AEF7-4A47-8A54-9C264366E6D0}.Release|Any CPU.Build.0 = Release|Any CPU
		{226E3660-F662-42E8-90A0-48F362515E09}.Debug|Any CPU.ActiveCfg = Debug|Any CPU
		{226E3660-F662-42E8-90A0-48F362515E09}.Debug|Any CPU.Build.0 = Debug|Any CPU
		{226E3660-F662-42E8-90A0-48F362515E09}.Release|Any CPU.ActiveCfg = Release|Any CPU
		{226E3660-F662-42E8-90A0-48F362515E09}.Release|Any CPU.Build.0 = Release|Any CPU
		{0F4576A7-BF42-4DDB-B597-D8E8ED3E540F}.Debug|Any CPU.ActiveCfg = Debug|Any CPU
		{0F4576A7-BF42-4DDB-B597-D8E8ED3E540F}.Debug|Any CPU.Build.0 = Debug|Any CPU
		{0F4576A7-BF42-4DDB-B597-D8E8ED3E540F}.Release|Any CPU.ActiveCfg = Release|Any CPU
		{0F4576A7-BF42-4DDB-B597-D8E8ED3E540F}.Release|Any CPU.Build.0 = Release|Any CPU
		{45DE9FE8-752D-4FFD-A001-2ED650644E8B}.Debug|Any CPU.ActiveCfg = Debug|Any CPU
		{45DE9FE8-752D-4FFD-A001-2ED650644E8B}.Debug|Any CPU.Build.0 = Debug|Any CPU
		{45DE9FE8-752D-4FFD-A001-2ED650644E8B}.Release|Any CPU.ActiveCfg = Release|Any CPU
		{45DE9FE8-752D-4FFD-A001-2ED650644E8B}.Release|Any CPU.Build.0 = Release|Any CPU
		{125DD217-B86E-48C1-84A8-DB805B7203F7}.Debug|Any CPU.ActiveCfg = Debug|Any CPU
		{125DD217-B86E-48C1-84A8-DB805B7203F7}.Debug|Any CPU.Build.0 = Debug|Any CPU
		{125DD217-B86E-48C1-84A8-DB805B7203F7}.Release|Any CPU.ActiveCfg = Release|Any CPU
		{125DD217-B86E-48C1-84A8-DB805B7203F7}.Release|Any CPU.Build.0 = Release|Any CPU
		{4A8E9455-6C67-4B2F-9CC9-43B9BFD4C9EE}.Debug|Any CPU.ActiveCfg = Debug|Any CPU
		{4A8E9455-6C67-4B2F-9CC9-43B9BFD4C9EE}.Debug|Any CPU.Build.0 = Debug|Any CPU
		{4A8E9455-6C67-4B2F-9CC9-43B9BFD4C9EE}.Release|Any CPU.ActiveCfg = Release|Any CPU
		{4A8E9455-6C67-4B2F-9CC9-43B9BFD4C9EE}.Release|Any CPU.Build.0 = Release|Any CPU
		{9FB6374F-CACD-4066-B948-B064AD8A9E67}.Debug|Any CPU.ActiveCfg = Debug|Any CPU
		{9FB6374F-CACD-4066-B948-B064AD8A9E67}.Debug|Any CPU.Build.0 = Debug|Any CPU
		{9FB6374F-CACD-4066-B948-B064AD8A9E67}.Release|Any CPU.ActiveCfg = Release|Any CPU
		{9FB6374F-CACD-4066-B948-B064AD8A9E67}.Release|Any CPU.Build.0 = Release|Any CPU
		{44A13883-BBDC-4169-B356-8965B44C4CEC}.Debug|Any CPU.ActiveCfg = Debug|Any CPU
		{44A13883-BBDC-4169-B356-8965B44C4CEC}.Debug|Any CPU.Build.0 = Debug|Any CPU
		{44A13883-BBDC-4169-B356-8965B44C4CEC}.Release|Any CPU.ActiveCfg = Release|Any CPU
		{44A13883-BBDC-4169-B356-8965B44C4CEC}.Release|Any CPU.Build.0 = Release|Any CPU
		{69191ED3-DBE3-4B4F-B3A9-60AEAA6BA729}.Debug|Any CPU.ActiveCfg = Debug|Any CPU
		{69191ED3-DBE3-4B4F-B3A9-60AEAA6BA729}.Debug|Any CPU.Build.0 = Debug|Any CPU
		{69191ED3-DBE3-4B4F-B3A9-60AEAA6BA729}.Release|Any CPU.ActiveCfg = Release|Any CPU
		{69191ED3-DBE3-4B4F-B3A9-60AEAA6BA729}.Release|Any CPU.Build.0 = Release|Any CPU
		{5C8FB769-9CEC-4C3C-954B-231F57DB74BF}.Debug|Any CPU.ActiveCfg = Debug|Any CPU
		{5C8FB769-9CEC-4C3C-954B-231F57DB74BF}.Debug|Any CPU.Build.0 = Debug|Any CPU
		{5C8FB769-9CEC-4C3C-954B-231F57DB74BF}.Release|Any CPU.ActiveCfg = Release|Any CPU
		{5C8FB769-9CEC-4C3C-954B-231F57DB74BF}.Release|Any CPU.Build.0 = Release|Any CPU
	EndGlobalSection
	GlobalSection(SolutionProperties) = preSolution
		HideSolutionNode = FALSE
	EndGlobalSection
	GlobalSection(ExtensibilityGlobals) = postSolution
		SolutionGuid = {56D67451-06C6-47B3-B0C8-AFC45BBB0D91}
	EndGlobalSection
EndGlobal
